
Microsoft Visual Studio Solution File, Format Version 12.00
# Visual Studio Version 17
VisualStudioVersion = 17.0.31903.59
MinimumVisualStudioVersion = 10.0.40219.1
Project("{FAE04EC0-301F-11D3-BF4B-00C04F79EFBC}") = "BasicAuthenticationWebApi", "src\BasicAuthenticationWebApi\BasicAuthenticationWebApi.csproj", "{1BF2DF1B-73EB-4A2D-AC0A-690FFBBE0BDB}"
EndProject
Global
	GlobalSection(SolutionConfigurationPlatforms) = preSolution
		Debug|Any CPU = Debug|Any CPU
		Release|Any CPU = Release|Any CPU
	EndGlobalSection
	GlobalSection(ProjectConfigurationPlatforms) = postSolution
		{1BF2DF1B-73EB-4A2D-AC0A-690FFBBE0BDB}.Debug|Any CPU.ActiveCfg = Debug|Any CPU
		{1BF2DF1B-73EB-4A2D-AC0A-690FFBBE0BDB}.Debug|Any CPU.Build.0 = Debug|Any CPU
		{1BF2DF1B-73EB-4A2D-AC0A-690FFBBE0BDB}.Release|Any CPU.ActiveCfg = Release|Any CPU
		{1BF2DF1B-73EB-4A2D-AC0A-690FFBBE0BDB}.Release|Any CPU.Build.0 = Release|Any CPU
	EndGlobalSection
	GlobalSection(SolutionProperties) = preSolution
		HideSolutionNode = FALSE
	EndGlobalSection
	GlobalSection(ExtensibilityGlobals) = postSolution
		SolutionGuid = {7BB98CE2-F3B1-44BF-8D6E-8F6998651AE7}
	EndGlobalSection
EndGlobal
