
Microsoft Visual Studio Solution File, Format Version 12.00
# Visual Studio Version 17
VisualStudioVersion = 17.0.31903.59
MinimumVisualStudioVersion = 10.0.40219.1
Project("{9A19103F-16F7-4668-BE54-9A1E7A4F7556}") = "AndroidApp1", "AndroidApp1\AndroidApp1.csproj", "{5E68BBD8-BFB2-4735-A4D9-B6F9AF5E75C2}"
EndProject
Project("{2150E333-8FDC-42A3-9474-1A3956D46DE8}") = "Solution Items", "Solution Items", "{94B0FE17-0FC1-4239-9D1C-2DA47A48547E}"
	ProjectSection(SolutionItems) = preProject
		Directory.Build.props = Directory.Build.props
		global.json = global.json
	EndProjectSection
EndProject
Global
	GlobalSection(SolutionConfigurationPlatforms) = preSolution
		Debug|Any CPU = Debug|Any CPU
		Release|Any CPU = Release|Any CPU
	EndGlobalSection
	GlobalSection(ProjectConfigurationPlatforms) = postSolution
		{5E68BBD8-BFB2-4735-A4D9-B6F9AF5E75C2}.Debug|Any CPU.ActiveCfg = Debug|Any CPU
		{5E68BBD8-BFB2-4735-A4D9-B6F9AF5E75C2}.Debug|Any CPU.Build.0 = Debug|Any CPU
		{5E68BBD8-BFB2-4735-A4D9-B6F9AF5E75C2}.Debug|Any CPU.Deploy.0 = Debug|Any CPU
		{5E68BBD8-BFB2-4735-A4D9-B6F9AF5E75C2}.Release|Any CPU.ActiveCfg = Release|Any CPU
		{5E68BBD8-BFB2-4735-A4D9-B6F9AF5E75C2}.Release|Any CPU.Build.0 = Release|Any CPU
		{5E68BBD8-BFB2-4735-A4D9-B6F9AF5E75C2}.Release|Any CPU.Deploy.0 = Release|Any CPU
	EndGlobalSection
	GlobalSection(SolutionProperties) = preSolution
		HideSolutionNode = FALSE
	EndGlobalSection
	GlobalSection(ExtensibilityGlobals) = postSolution
		SolutionGuid = {8F2CA2CB-A29F-4A81-9581-132237021EA0}
	EndGlobalSection
EndGlobal
