
Microsoft Visual Studio Solution File, Format Version 12.00
# Visual Studio Version 17
VisualStudioVersion = 17.0.31903.59
MinimumVisualStudioVersion = 10.0.40219.1
Project("{9A19103F-16F7-4668-BE54-9A1E7A4F7556}") = "SimpleCodeFixAnalyzer", "src\SimpleCodeFixAnalyzer\SimpleCodeFixAnalyzer\SimpleCodeFixAnalyzer.csproj", "{FB79C5AA-34BF-4257-B2D1-8528F44E59E2}"
EndProject
Project("{9A19103F-16F7-4668-BE54-9A1E7A4F7556}") = "SimpleCodeFixAnalyzer.CodeFixes", "src\SimpleCodeFixAnalyzer\SimpleCodeFixAnalyzer.CodeFixes\SimpleCodeFixAnalyzer.CodeFixes.csproj", "{02B8EF19-7180-4DFE-AF7E-EA14DAB4097B}"
EndProject
Project("{9A19103F-16F7-4668-BE54-9A1E7A4F7556}") = "SimpleCodeFixAnalyzer.Package", "src\SimpleCodeFixAnalyzer\SimpleCodeFixAnalyzer.Package\SimpleCodeFixAnalyzer.Package.csproj", "{595F95CA-47F3-425A-BC63-57B7BB9D7FC3}"
EndProject
Project("{9A19103F-16F7-4668-BE54-9A1E7A4F7556}") = "SimpleCodeFixAnalyzer.Test", "src\SimpleCodeFixAnalyzer\SimpleCodeFixAnalyzer.Test\SimpleCodeFixAnalyzer.Test.csproj", "{10289281-A0E8-4051-95A1-294A1C714A0E}"
EndProject
Project("{9A19103F-16F7-4668-BE54-9A1E7A4F7556}") = "SimpleCodeFixAnalyzer.Vsix", "src\SimpleCodeFixAnalyzer\SimpleCodeFixAnalyzer.Vsix\SimpleCodeFixAnalyzer.Vsix.csproj", "{0741E0C7-4CFD-40C2-882E-CFDA64192037}"
EndProject
Project("{9A19103F-16F7-4668-BE54-9A1E7A4F7556}") = "SimpleStandaloneCodeAnalyzer", "src\SimpleStandaloneCodeAnalyzer\SimpleStandaloneCodeAnalyzer.csproj", "{8257D6FC-2575-43E3-AD82-F957EB9270A5}"
EndProject
Project("{FAE04EC0-301F-11D3-BF4B-00C04F79EFBC}") = "CoincideIfStatementBranchesAnalyzer", "src\CoincideIfStatementBranchesAnalyzer\CoincideIfStatementBranchesAnalyzer.csproj", "{6EBA325D-815C-4AAF-9802-DE5BE2E586EB}"
EndProject
Project("{FAE04EC0-301F-11D3-BF4B-00C04F79EFBC}") = "FieldsCountCodeAnalyzer", "src\FieldsCountCodeAnalyzer\FieldsCountCodeAnalyzer.csproj", "{F1D965A6-4F28-4C0A-A3E1-F9BC0BC0F832}"
EndProject
Global
	GlobalSection(SolutionConfigurationPlatforms) = preSolution
		Debug|Any CPU = Debug|Any CPU
		Release|Any CPU = Release|Any CPU
	EndGlobalSection
	GlobalSection(ProjectConfigurationPlatforms) = postSolution
		{FB79C5AA-34BF-4257-B2D1-8528F44E59E2}.Debug|Any CPU.ActiveCfg = Debug|Any CPU
		{FB79C5AA-34BF-4257-B2D1-8528F44E59E2}.Debug|Any CPU.Build.0 = Debug|Any CPU
		{FB79C5AA-34BF-4257-B2D1-8528F44E59E2}.Release|Any CPU.ActiveCfg = Release|Any CPU
		{FB79C5AA-34BF-4257-B2D1-8528F44E59E2}.Release|Any CPU.Build.0 = Release|Any CPU
		{02B8EF19-7180-4DFE-AF7E-EA14DAB4097B}.Debug|Any CPU.ActiveCfg = Debug|Any CPU
		{02B8EF19-7180-4DFE-AF7E-EA14DAB4097B}.Debug|Any CPU.Build.0 = Debug|Any CPU
		{02B8EF19-7180-4DFE-AF7E-EA14DAB4097B}.Release|Any CPU.ActiveCfg = Release|Any CPU
		{02B8EF19-7180-4DFE-AF7E-EA14DAB4097B}.Release|Any CPU.Build.0 = Release|Any CPU
		{595F95CA-47F3-425A-BC63-57B7BB9D7FC3}.Debug|Any CPU.ActiveCfg = Debug|Any CPU
		{595F95CA-47F3-425A-BC63-57B7BB9D7FC3}.Debug|Any CPU.Build.0 = Debug|Any CPU
		{595F95CA-47F3-425A-BC63-57B7BB9D7FC3}.Release|Any CPU.ActiveCfg = Release|Any CPU
		{595F95CA-47F3-425A-BC63-57B7BB9D7FC3}.Release|Any CPU.Build.0 = Release|Any CPU
		{10289281-A0E8-4051-95A1-294A1C714A0E}.Debug|Any CPU.ActiveCfg = Debug|Any CPU
		{10289281-A0E8-4051-95A1-294A1C714A0E}.Debug|Any CPU.Build.0 = Debug|Any CPU
		{10289281-A0E8-4051-95A1-294A1C714A0E}.Release|Any CPU.ActiveCfg = Release|Any CPU
		{10289281-A0E8-4051-95A1-294A1C714A0E}.Release|Any CPU.Build.0 = Release|Any CPU
		{0741E0C7-4CFD-40C2-882E-CFDA64192037}.Debug|Any CPU.ActiveCfg = Debug|Any CPU
		{0741E0C7-4CFD-40C2-882E-CFDA64192037}.Debug|Any CPU.Build.0 = Debug|Any CPU
		{0741E0C7-4CFD-40C2-882E-CFDA64192037}.Release|Any CPU.ActiveCfg = Release|Any CPU
		{0741E0C7-4CFD-40C2-882E-CFDA64192037}.Release|Any CPU.Build.0 = Release|Any CPU
		{8257D6FC-2575-43E3-AD82-F957EB9270A5}.Debug|Any CPU.ActiveCfg = Debug|Any CPU
		{8257D6FC-2575-43E3-AD82-F957EB9270A5}.Debug|Any CPU.Build.0 = Debug|Any CPU
		{8257D6FC-2575-43E3-AD82-F957EB9270A5}.Release|Any CPU.ActiveCfg = Release|Any CPU
		{8257D6FC-2575-43E3-AD82-F957EB9270A5}.Release|Any CPU.Build.0 = Release|Any CPU
		{6EBA325D-815C-4AAF-9802-DE5BE2E586EB}.Debug|Any CPU.ActiveCfg = Debug|Any CPU
		{6EBA325D-815C-4AAF-9802-DE5BE2E586EB}.Debug|Any CPU.Build.0 = Debug|Any CPU
		{6EBA325D-815C-4AAF-9802-DE5BE2E586EB}.Release|Any CPU.ActiveCfg = Release|Any CPU
		{6EBA325D-815C-4AAF-9802-DE5BE2E586EB}.Release|Any CPU.Build.0 = Release|Any CPU
		{F1D965A6-4F28-4C0A-A3E1-F9BC0BC0F832}.Debug|Any CPU.ActiveCfg = Debug|Any CPU
		{F1D965A6-4F28-4C0A-A3E1-F9BC0BC0F832}.Debug|Any CPU.Build.0 = Debug|Any CPU
		{F1D965A6-4F28-4C0A-A3E1-F9BC0BC0F832}.Release|Any CPU.ActiveCfg = Release|Any CPU
		{F1D965A6-4F28-4C0A-A3E1-F9BC0BC0F832}.Release|Any CPU.Build.0 = Release|Any CPU
	EndGlobalSection
	GlobalSection(SolutionProperties) = preSolution
		HideSolutionNode = FALSE
	EndGlobalSection
	GlobalSection(ExtensibilityGlobals) = postSolution
		SolutionGuid = {8470996C-EE98-422E-943F-CC5BDF72E513}
	EndGlobalSection
EndGlobal
