
Microsoft Visual Studio Solution File, Format Version 12.00
# Visual Studio Version 17
VisualStudioVersion = 17.5.33530.505
MinimumVisualStudioVersion = 10.0.40219.1
Project("{FAE04EC0-301F-11D3-BF4B-00C04F79EFBC}") = "ParallelForEachTest", "ParallelForEachTest\ParallelForEachTest.csproj", "{807D8991-E328-41CF-A98C-898076DAD15E}"
EndProject
Global
	GlobalSection(SolutionConfigurationPlatforms) = preSolution
		Debug|Any CPU = Debug|Any CPU
		Release|Any CPU = Release|Any CPU
	EndGlobalSection
	GlobalSection(ProjectConfigurationPlatforms) = postSolution
		{807D8991-E328-41CF-A98C-898076DAD15E}.Debug|Any CPU.ActiveCfg = Debug|Any CPU
		{807D8991-E328-41CF-A98C-898076DAD15E}.Debug|Any CPU.Build.0 = Debug|Any CPU
		{807D8991-E328-41CF-A98C-898076DAD15E}.Release|Any CPU.ActiveCfg = Release|Any CPU
		{807D8991-E328-41CF-A98C-898076DAD15E}.Release|Any CPU.Build.0 = Release|Any CPU
	EndGlobalSection
	GlobalSection(SolutionProperties) = preSolution
		HideSolutionNode = FALSE
	EndGlobalSection
	GlobalSection(ExtensibilityGlobals) = postSolution
		SolutionGuid = {E3837783-F7B4-4CAF-8038-8A205CED4D95}
	EndGlobalSection
EndGlobal
