
Microsoft Visual Studio Solution File, Format Version 12.00
# Visual Studio Version 17
VisualStudioVersion = 17.0.31903.59
MinimumVisualStudioVersion = 10.0.40219.1
Project("{9A19103F-16F7-4668-BE54-9A1E7A4F7556}") = "WpfApplication", "src\WpfApplication\WpfApplication.csproj", "{E893E2B4-1FEB-4135-94F5-467A6AE67F09}"
EndProject
Project("{8BC9CEB8-8B4A-11D0-8D11-00A0C91BC942}") = "NativeLibrary", "src\NativeLibrary\NativeLibrary.vcxproj", "{886C330A-34A8-46C1-80F1-F6B04BE8C788}"
EndProject
Project("{2150E333-8FDC-42A3-9474-1A3956D46DE8}") = "Solution Items", "Solution Items", "{422860BC-551B-4618-B5B4-7495B40CE0CB}"
	ProjectSection(SolutionItems) = preProject
		.editorconfig = .editorconfig
		Directory.Build.props = Directory.Build.props
	EndProjectSection
EndProject
Global
	GlobalSection(SolutionConfigurationPlatforms) = preSolution
		Debug|Any CPU = Debug|Any CPU
		Debug|x64 = Debug|x64
		Debug|x86 = Debug|x86
		Release|Any CPU = Release|Any CPU
		Release|x64 = Release|x64
		Release|x86 = Release|x86
	EndGlobalSection
	GlobalSection(ProjectConfigurationPlatforms) = postSolution
		{E893E2B4-1FEB-4135-94F5-467A6AE67F09}.Debug|Any CPU.ActiveCfg = Debug|Any CPU
		{E893E2B4-1FEB-4135-94F5-467A6AE67F09}.Debug|Any CPU.Build.0 = Debug|Any CPU
		{E893E2B4-1FEB-4135-94F5-467A6AE67F09}.Debug|x64.ActiveCfg = Debug|Any CPU
		{E893E2B4-1FEB-4135-94F5-467A6AE67F09}.Debug|x64.Build.0 = Debug|Any CPU
		{E893E2B4-1FEB-4135-94F5-467A6AE67F09}.Debug|x86.ActiveCfg = Debug|Any CPU
		{E893E2B4-1FEB-4135-94F5-467A6AE67F09}.Debug|x86.Build.0 = Debug|Any CPU
		{E893E2B4-1FEB-4135-94F5-467A6AE67F09}.Release|Any CPU.ActiveCfg = Release|Any CPU
		{E893E2B4-1FEB-4135-94F5-467A6AE67F09}.Release|Any CPU.Build.0 = Release|Any CPU
		{E893E2B4-1FEB-4135-94F5-467A6AE67F09}.Release|x64.ActiveCfg = Release|Any CPU
		{E893E2B4-1FEB-4135-94F5-467A6AE67F09}.Release|x64.Build.0 = Release|Any CPU
		{E893E2B4-1FEB-4135-94F5-467A6AE67F09}.Release|x86.ActiveCfg = Release|Any CPU
		{E893E2B4-1FEB-4135-94F5-467A6AE67F09}.Release|x86.Build.0 = Release|Any CPU
		{886C330A-34A8-46C1-80F1-F6B04BE8C788}.Debug|Any CPU.ActiveCfg = Debug|x64
		{886C330A-34A8-46C1-80F1-F6B04BE8C788}.Debug|Any CPU.Build.0 = Debug|x64
		{886C330A-34A8-46C1-80F1-F6B04BE8C788}.Debug|x64.ActiveCfg = Debug|x64
		{886C330A-34A8-46C1-80F1-F6B04BE8C788}.Debug|x64.Build.0 = Debug|x64
		{886C330A-34A8-46C1-80F1-F6B04BE8C788}.Debug|x86.ActiveCfg = Debug|Win32
		{886C330A-34A8-46C1-80F1-F6B04BE8C788}.Debug|x86.Build.0 = Debug|Win32
		{886C330A-34A8-46C1-80F1-F6B04BE8C788}.Release|Any CPU.ActiveCfg = Release|x64
		{886C330A-34A8-46C1-80F1-F6B04BE8C788}.Release|Any CPU.Build.0 = Release|x64
		{886C330A-34A8-46C1-80F1-F6B04BE8C788}.Release|x64.ActiveCfg = Release|x64
		{886C330A-34A8-46C1-80F1-F6B04BE8C788}.Release|x64.Build.0 = Release|x64
		{886C330A-34A8-46C1-80F1-F6B04BE8C788}.Release|x86.ActiveCfg = Release|Win32
		{886C330A-34A8-46C1-80F1-F6B04BE8C788}.Release|x86.Build.0 = Release|Win32
	EndGlobalSection
	GlobalSection(SolutionProperties) = preSolution
		HideSolutionNode = FALSE
	EndGlobalSection
EndGlobal
