
Microsoft Visual Studio Solution File, Format Version 12.00
# Visual Studio Version 17
VisualStudioVersion = 17.0.31903.59
MinimumVisualStudioVersion = 10.0.40219.1
Project("{9A19103F-16F7-4668-BE54-9A1E7A4F7556}") = "AvaloniaApplication", "src\AvaloniaApplication\AvaloniaApplication.csproj", "{805D9F42-AF72-4F58-8C47-23C4D7DC902D}"
EndProject
Project("{9A19103F-16F7-4668-BE54-9A1E7A4F7556}") = "AvaloniaApplication.Desktop", "src\AvaloniaApplication.Desktop\AvaloniaApplication.Desktop.csproj", "{7AA46E8E-4666-42EC-9A72-D4D5C8B5D0DC}"
EndProject
Project("{8BC9CEB8-8B4A-11D0-8D11-00A0C91BC942}") = "NativeLibrary", "src\NativeLibrary\NativeLibrary.vcxproj", "{886C330A-34A8-46C1-80F1-F6B04BE8C788}"
EndProject
Project("{2150E333-8FDC-42A3-9474-1A3956D46DE8}") = "Solution Items", "Solution Items", "{CDAE56B2-9B33-4051-8251-428EE35B570C}"
	ProjectSection(SolutionItems) = preProject
		.editorconfig = .editorconfig
		Directory.Build.props = Directory.Build.props
	EndProjectSection
EndProject
Global
	GlobalSection(SolutionConfigurationPlatforms) = preSolution
		Debug|Any CPU = Debug|Any CPU
		Debug|x64 = Debug|x64
		Debug|x86 = Debug|x86
		Release|Any CPU = Release|Any CPU
		Release|x64 = Release|x64
		Release|x86 = Release|x86
	EndGlobalSection
	GlobalSection(ProjectConfigurationPlatforms) = postSolution
		{805D9F42-AF72-4F58-8C47-23C4D7DC902D}.Debug|Any CPU.ActiveCfg = Debug|Any CPU
		{805D9F42-AF72-4F58-8C47-23C4D7DC902D}.Debug|Any CPU.Build.0 = Debug|Any CPU
		{805D9F42-AF72-4F58-8C47-23C4D7DC902D}.Debug|x64.ActiveCfg = Debug|Any CPU
		{805D9F42-AF72-4F58-8C47-23C4D7DC902D}.Debug|x64.Build.0 = Debug|Any CPU
		{805D9F42-AF72-4F58-8C47-23C4D7DC902D}.Debug|x86.ActiveCfg = Debug|Any CPU
		{805D9F42-AF72-4F58-8C47-23C4D7DC902D}.Debug|x86.Build.0 = Debug|Any CPU
		{805D9F42-AF72-4F58-8C47-23C4D7DC902D}.Release|Any CPU.ActiveCfg = Release|Any CPU
		{805D9F42-AF72-4F58-8C47-23C4D7DC902D}.Release|Any CPU.Build.0 = Release|Any CPU
		{805D9F42-AF72-4F58-8C47-23C4D7DC902D}.Release|x64.ActiveCfg = Release|Any CPU
		{805D9F42-AF72-4F58-8C47-23C4D7DC902D}.Release|x64.Build.0 = Release|Any CPU
		{805D9F42-AF72-4F58-8C47-23C4D7DC902D}.Release|x86.ActiveCfg = Release|Any CPU
		{805D9F42-AF72-4F58-8C47-23C4D7DC902D}.Release|x86.Build.0 = Release|Any CPU
		{7AA46E8E-4666-42EC-9A72-D4D5C8B5D0DC}.Debug|Any CPU.ActiveCfg = Debug|Any CPU
		{7AA46E8E-4666-42EC-9A72-D4D5C8B5D0DC}.Debug|Any CPU.Build.0 = Debug|Any CPU
		{7AA46E8E-4666-42EC-9A72-D4D5C8B5D0DC}.Debug|x64.ActiveCfg = Debug|Any CPU
		{7AA46E8E-4666-42EC-9A72-D4D5C8B5D0DC}.Debug|x64.Build.0 = Debug|Any CPU
		{7AA46E8E-4666-42EC-9A72-D4D5C8B5D0DC}.Debug|x86.ActiveCfg = Debug|Any CPU
		{7AA46E8E-4666-42EC-9A72-D4D5C8B5D0DC}.Debug|x86.Build.0 = Debug|Any CPU
		{7AA46E8E-4666-42EC-9A72-D4D5C8B5D0DC}.Release|Any CPU.ActiveCfg = Release|Any CPU
		{7AA46E8E-4666-42EC-9A72-D4D5C8B5D0DC}.Release|Any CPU.Build.0 = Release|Any CPU
		{7AA46E8E-4666-42EC-9A72-D4D5C8B5D0DC}.Release|x64.ActiveCfg = Release|Any CPU
		{7AA46E8E-4666-42EC-9A72-D4D5C8B5D0DC}.Release|x64.Build.0 = Release|Any CPU
		{7AA46E8E-4666-42EC-9A72-D4D5C8B5D0DC}.Release|x86.ActiveCfg = Release|Any CPU
		{7AA46E8E-4666-42EC-9A72-D4D5C8B5D0DC}.Release|x86.Build.0 = Release|Any CPU
		{886C330A-34A8-46C1-80F1-F6B04BE8C788}.Debug|Any CPU.ActiveCfg = Debug|x64
		{886C330A-34A8-46C1-80F1-F6B04BE8C788}.Debug|Any CPU.Build.0 = Debug|x64
		{886C330A-34A8-46C1-80F1-F6B04BE8C788}.Debug|x64.ActiveCfg = Debug|x64
		{886C330A-34A8-46C1-80F1-F6B04BE8C788}.Debug|x64.Build.0 = Debug|x64
		{886C330A-34A8-46C1-80F1-F6B04BE8C788}.Debug|x86.ActiveCfg = Debug|Win32
		{886C330A-34A8-46C1-80F1-F6B04BE8C788}.Debug|x86.Build.0 = Debug|Win32
		{886C330A-34A8-46C1-80F1-F6B04BE8C788}.Release|Any CPU.ActiveCfg = Release|x64
		{886C330A-34A8-46C1-80F1-F6B04BE8C788}.Release|Any CPU.Build.0 = Release|x64
		{886C330A-34A8-46C1-80F1-F6B04BE8C788}.Release|x64.ActiveCfg = Release|x64
		{886C330A-34A8-46C1-80F1-F6B04BE8C788}.Release|x64.Build.0 = Release|x64
		{886C330A-34A8-46C1-80F1-F6B04BE8C788}.Release|x86.ActiveCfg = Release|Win32
		{886C330A-34A8-46C1-80F1-F6B04BE8C788}.Release|x86.Build.0 = Release|Win32
	EndGlobalSection
	GlobalSection(SolutionProperties) = preSolution
		HideSolutionNode = FALSE
	EndGlobalSection
	GlobalSection(ExtensibilityGlobals) = postSolution
		SolutionGuid = {94FF0D9D-59C3-46FC-81E0-345D74EBF007}
	EndGlobalSection
EndGlobal
